
Microsoft Visual Studio Solution File, Format Version 12.00
# Visual Studio Version 17
VisualStudioVersion = 17.12.35527.113 d17.12
MinimumVisualStudioVersion = 10.0.40219.1
Project("{FAE04EC0-301F-11D3-BF4B-00C04F79EFBC}") = "EquipamentoEletronico.API", "EquipamentoEletronico.API.csproj", "{ACBD0F8F-8CDA-48E8-825A-0BC97267CAD9}"
EndProject
Project("{FAE04EC0-301F-11D3-BF4B-00C04F79EFBC}") = "EquipamentoEletronico.Application", "..\EquipamentoEletronico.Application\EquipamentoEletronico.Application.csproj", "{5017B1CC-98D5-4A9D-8DE3-55EAF2A9D72C}"
EndProject
Project("{FAE04EC0-301F-11D3-BF4B-00C04F79EFBC}") = "EquipamentoEletronico.Domain", "..\EquipamentoEletronico.Domain\EquipamentoEletronico.Domain.csproj", "{1984B4EE-FC82-4819-A70A-915C522E57B7}"
EndProject
Project("{FAE04EC0-301F-11D3-BF4B-00C04F79EFBC}") = "EquipamentoEletronico.Infrastructure", "..\EquipamentoEletronico.Infrastructure\EquipamentoEletronico.Infrastructure.csproj", "{8C90020B-B9F9-42AF-8E9D-865EFCFE1E0E}"
EndProject
Project("{FAE04EC0-301F-11D3-BF4B-00C04F79EFBC}") = "EquipamentoEletronico.Tests", "..\EquipamentoEletronico.Tests\EquipamentoEletronico.Tests.csproj", "{4B848C47-28B3-4CA3-A2B6-6FC463637DCE}"
EndProject
Global
	GlobalSection(SolutionConfigurationPlatforms) = preSolution
		Debug|Any CPU = Debug|Any CPU
		Release|Any CPU = Release|Any CPU
	EndGlobalSection
	GlobalSection(ProjectConfigurationPlatforms) = postSolution
		{ACBD0F8F-8CDA-48E8-825A-0BC97267CAD9}.Debug|Any CPU.ActiveCfg = Debug|Any CPU
		{ACBD0F8F-8CDA-48E8-825A-0BC97267CAD9}.Debug|Any CPU.Build.0 = Debug|Any CPU
		{ACBD0F8F-8CDA-48E8-825A-0BC97267CAD9}.Release|Any CPU.ActiveCfg = Release|Any CPU
		{ACBD0F8F-8CDA-48E8-825A-0BC97267CAD9}.Release|Any CPU.Build.0 = Release|Any CPU
		{5017B1CC-98D5-4A9D-8DE3-55EAF2A9D72C}.Debug|Any CPU.ActiveCfg = Debug|Any CPU
		{5017B1CC-98D5-4A9D-8DE3-55EAF2A9D72C}.Debug|Any CPU.Build.0 = Debug|Any CPU
		{5017B1CC-98D5-4A9D-8DE3-55EAF2A9D72C}.Release|Any CPU.ActiveCfg = Release|Any CPU
		{5017B1CC-98D5-4A9D-8DE3-55EAF2A9D72C}.Release|Any CPU.Build.0 = Release|Any CPU
		{1984B4EE-FC82-4819-A70A-915C522E57B7}.Debug|Any CPU.ActiveCfg = Debug|Any CPU
		{1984B4EE-FC82-4819-A70A-915C522E57B7}.Debug|Any CPU.Build.0 = Debug|Any CPU
		{1984B4EE-FC82-4819-A70A-915C522E57B7}.Release|Any CPU.ActiveCfg = Release|Any CPU
		{1984B4EE-FC82-4819-A70A-915C522E57B7}.Release|Any CPU.Build.0 = Release|Any CPU
		{8C90020B-B9F9-42AF-8E9D-865EFCFE1E0E}.Debug|Any CPU.ActiveCfg = Debug|Any CPU
		{8C90020B-B9F9-42AF-8E9D-865EFCFE1E0E}.Debug|Any CPU.Build.0 = Debug|Any CPU
		{8C90020B-B9F9-42AF-8E9D-865EFCFE1E0E}.Release|Any CPU.ActiveCfg = Release|Any CPU
		{8C90020B-B9F9-42AF-8E9D-865EFCFE1E0E}.Release|Any CPU.Build.0 = Release|Any CPU
		{4B848C47-28B3-4CA3-A2B6-6FC463637DCE}.Debug|Any CPU.ActiveCfg = Debug|Any CPU
		{4B848C47-28B3-4CA3-A2B6-6FC463637DCE}.Debug|Any CPU.Build.0 = Debug|Any CPU
		{4B848C47-28B3-4CA3-A2B6-6FC463637DCE}.Release|Any CPU.ActiveCfg = Release|Any CPU
		{4B848C47-28B3-4CA3-A2B6-6FC463637DCE}.Release|Any CPU.Build.0 = Release|Any CPU
	EndGlobalSection
	GlobalSection(SolutionProperties) = preSolution
		HideSolutionNode = FALSE
	EndGlobalSection
EndGlobal
